
Microsoft Visual Studio Solution File, Format Version 12.00
# Visual Studio Version 16
VisualStudioVersion = 16.0.31613.86
MinimumVisualStudioVersion = 10.0.40219.1
Project("{9A19103F-16F7-4668-BE54-9A1E7A4F7556}") = "Regressus", "Regressus.csproj", "{AF3978C8-9199-46C4-9A00-B9D3D6C646D6}"
EndProject
Project("{2150E333-8FDC-42A3-9474-1A3956D46DE8}") = "Solution Items", "Solution Items", "{A0224F65-23CC-48F6-9F1C-3A4D602DC9C8}"
	ProjectSection(SolutionItems) = preProject
		.editorconfig = .editorconfig
	EndProjectSection
EndProject
Global
	GlobalSection(SolutionConfigurationPlatforms) = preSolution
		Debug|Any CPU = Debug|Any CPU
		Release|Any CPU = Release|Any CPU
	EndGlobalSection
	GlobalSection(ProjectConfigurationPlatforms) = postSolution
		{AF3978C8-9199-46C4-9A00-B9D3D6C646D6}.Debug|Any CPU.ActiveCfg = Debug|Any CPU
		{AF3978C8-9199-46C4-9A00-B9D3D6C646D6}.Debug|Any CPU.Build.0 = Debug|Any CPU
		{AF3978C8-9199-46C4-9A00-B9D3D6C646D6}.Release|Any CPU.ActiveCfg = Release|Any CPU
		{AF3978C8-9199-46C4-9A00-B9D3D6C646D6}.Release|Any CPU.Build.0 = Release|Any CPU
	EndGlobalSection
	GlobalSection(SolutionProperties) = preSolution
		HideSolutionNode = FALSE
	EndGlobalSection
	GlobalSection(ExtensibilityGlobals) = postSolution
		SolutionGuid = {282E86E0-00DD-48C3-B181-E6287C8096F7}
	EndGlobalSection
EndGlobal
